
Microsoft Visual Studio Solution File, Format Version 12.00
# Visual Studio 14
VisualStudioVersion = 14.0.24720.0
MinimumVisualStudioVersion = 10.0.40219.1
Project("{8BC9CEB8-8B4A-11D0-8D11-00A0C91BC942}") = "CursesTest", "CursesTest\CursesTest.vcxproj", "{BDA38CA3-149C-4589-89DB-BF9A1EBBC6E4}"
	ProjectSection(ProjectDependencies) = postProject
		{1147622C-9768-43F7-A3DE-F16AD60C1F1B} = {1147622C-9768-43F7-A3DE-F16AD60C1F1B}
	EndProjectSection
EndProject
Project("{8BC9CEB8-8B4A-11D0-8D11-00A0C91BC942}") = "Curses.SWIG", "Curses.SWIG\Curses.SWIG.vcxproj", "{0CE5E822-030A-4152-BF6A-4BFD75687755}"
	ProjectSection(ProjectDependencies) = postProject
		{1147622C-9768-43F7-A3DE-F16AD60C1F1B} = {1147622C-9768-43F7-A3DE-F16AD60C1F1B}
	EndProjectSection
EndProject
Project("{FAE04EC0-301F-11D3-BF4B-00C04F79EFBC}") = "Curses.Bindings.ConsoleTests", "Curses.Bindings.ConsoleTests\Curses.Bindings.ConsoleTests.csproj", "{55032568-5656-4CAD-AFE3-D1686EE1EDAC}"
	ProjectSection(ProjectDependencies) = postProject
		{0CE5E822-030A-4152-BF6A-4BFD75687755} = {0CE5E822-030A-4152-BF6A-4BFD75687755}
	EndProjectSection
EndProject
Project("{8BC9CEB8-8B4A-11D0-8D11-00A0C91BC942}") = "PDCurses", "PDCurses\PDCurses.vcxproj", "{1147622C-9768-43F7-A3DE-F16AD60C1F1B}"
EndProject
Project("{FAE04EC0-301F-11D3-BF4B-00C04F79EFBC}") = "Cursesdotnet", "Cursesdotnet\Cursesdotnet.csproj", "{BD67680A-4881-4483-9949-EDEF703DDEA0}"
	ProjectSection(ProjectDependencies) = postProject
		{0CE5E822-030A-4152-BF6A-4BFD75687755} = {0CE5E822-030A-4152-BF6A-4BFD75687755}
	EndProjectSection
EndProject
Project("{FAE04EC0-301F-11D3-BF4B-00C04F79EFBC}") = "Cursesdotnet.Tests", "Cursesdotnet.Tests\Cursesdotnet.Tests.csproj", "{9825F210-6CE1-48C7-A6AC-4907F2A72EA2}"
	ProjectSection(ProjectDependencies) = postProject
		{0CE5E822-030A-4152-BF6A-4BFD75687755} = {0CE5E822-030A-4152-BF6A-4BFD75687755}
	EndProjectSection
EndProject
Global
	GlobalSection(SolutionConfigurationPlatforms) = preSolution
		Debug|Any CPU = Debug|Any CPU
		Debug|x64 = Debug|x64
		Debug|x86 = Debug|x86
		Release|Any CPU = Release|Any CPU
		Release|x64 = Release|x64
		Release|x86 = Release|x86
	EndGlobalSection
	GlobalSection(ProjectConfigurationPlatforms) = postSolution
		{BDA38CA3-149C-4589-89DB-BF9A1EBBC6E4}.Debug|Any CPU.ActiveCfg = Debug|Win32
		{BDA38CA3-149C-4589-89DB-BF9A1EBBC6E4}.Debug|x64.ActiveCfg = Debug|x64
		{BDA38CA3-149C-4589-89DB-BF9A1EBBC6E4}.Debug|x64.Build.0 = Debug|x64
		{BDA38CA3-149C-4589-89DB-BF9A1EBBC6E4}.Debug|x86.ActiveCfg = Debug|Win32
		{BDA38CA3-149C-4589-89DB-BF9A1EBBC6E4}.Debug|x86.Build.0 = Debug|Win32
		{BDA38CA3-149C-4589-89DB-BF9A1EBBC6E4}.Release|Any CPU.ActiveCfg = Release|Win32
		{BDA38CA3-149C-4589-89DB-BF9A1EBBC6E4}.Release|x64.ActiveCfg = Release|x64
		{BDA38CA3-149C-4589-89DB-BF9A1EBBC6E4}.Release|x64.Build.0 = Release|x64
		{BDA38CA3-149C-4589-89DB-BF9A1EBBC6E4}.Release|x86.ActiveCfg = Release|Win32
		{BDA38CA3-149C-4589-89DB-BF9A1EBBC6E4}.Release|x86.Build.0 = Release|Win32
		{0CE5E822-030A-4152-BF6A-4BFD75687755}.Debug|Any CPU.ActiveCfg = Debug|Win32
		{0CE5E822-030A-4152-BF6A-4BFD75687755}.Debug|x64.ActiveCfg = Debug|x64
		{0CE5E822-030A-4152-BF6A-4BFD75687755}.Debug|x64.Build.0 = Debug|x64
		{0CE5E822-030A-4152-BF6A-4BFD75687755}.Debug|x86.ActiveCfg = Debug|Win32
		{0CE5E822-030A-4152-BF6A-4BFD75687755}.Debug|x86.Build.0 = Debug|Win32
		{0CE5E822-030A-4152-BF6A-4BFD75687755}.Release|Any CPU.ActiveCfg = Release|Win32
		{0CE5E822-030A-4152-BF6A-4BFD75687755}.Release|x64.ActiveCfg = Release|x64
		{0CE5E822-030A-4152-BF6A-4BFD75687755}.Release|x64.Build.0 = Release|x64
		{0CE5E822-030A-4152-BF6A-4BFD75687755}.Release|x86.ActiveCfg = Release|Win32
		{0CE5E822-030A-4152-BF6A-4BFD75687755}.Release|x86.Build.0 = Release|Win32
		{55032568-5656-4CAD-AFE3-D1686EE1EDAC}.Debug|Any CPU.ActiveCfg = Debug|Any CPU
		{55032568-5656-4CAD-AFE3-D1686EE1EDAC}.Debug|Any CPU.Build.0 = Debug|Any CPU
		{55032568-5656-4CAD-AFE3-D1686EE1EDAC}.Debug|x64.ActiveCfg = Debug|Any CPU
		{55032568-5656-4CAD-AFE3-D1686EE1EDAC}.Debug|x64.Build.0 = Debug|Any CPU
		{55032568-5656-4CAD-AFE3-D1686EE1EDAC}.Debug|x86.ActiveCfg = Debug|Any CPU
		{55032568-5656-4CAD-AFE3-D1686EE1EDAC}.Debug|x86.Build.0 = Debug|Any CPU
		{55032568-5656-4CAD-AFE3-D1686EE1EDAC}.Release|Any CPU.ActiveCfg = Release|Any CPU
		{55032568-5656-4CAD-AFE3-D1686EE1EDAC}.Release|Any CPU.Build.0 = Release|Any CPU
		{55032568-5656-4CAD-AFE3-D1686EE1EDAC}.Release|x64.ActiveCfg = Release|Any CPU
		{55032568-5656-4CAD-AFE3-D1686EE1EDAC}.Release|x64.Build.0 = Release|Any CPU
		{55032568-5656-4CAD-AFE3-D1686EE1EDAC}.Release|x86.ActiveCfg = Release|Any CPU
		{55032568-5656-4CAD-AFE3-D1686EE1EDAC}.Release|x86.Build.0 = Release|Any CPU
		{1147622C-9768-43F7-A3DE-F16AD60C1F1B}.Debug|Any CPU.ActiveCfg = Debug|Win32
		{1147622C-9768-43F7-A3DE-F16AD60C1F1B}.Debug|x64.ActiveCfg = Debug|x64
		{1147622C-9768-43F7-A3DE-F16AD60C1F1B}.Debug|x64.Build.0 = Debug|x64
		{1147622C-9768-43F7-A3DE-F16AD60C1F1B}.Debug|x86.ActiveCfg = Debug|Win32
		{1147622C-9768-43F7-A3DE-F16AD60C1F1B}.Debug|x86.Build.0 = Debug|Win32
		{1147622C-9768-43F7-A3DE-F16AD60C1F1B}.Release|Any CPU.ActiveCfg = Release|Win32
		{1147622C-9768-43F7-A3DE-F16AD60C1F1B}.Release|x64.ActiveCfg = Release|x64
		{1147622C-9768-43F7-A3DE-F16AD60C1F1B}.Release|x64.Build.0 = Release|x64
		{1147622C-9768-43F7-A3DE-F16AD60C1F1B}.Release|x86.ActiveCfg = Release|Win32
		{1147622C-9768-43F7-A3DE-F16AD60C1F1B}.Release|x86.Build.0 = Release|Win32
		{BD67680A-4881-4483-9949-EDEF703DDEA0}.Debug|Any CPU.ActiveCfg = Debug|Any CPU
		{BD67680A-4881-4483-9949-EDEF703DDEA0}.Debug|Any CPU.Build.0 = Debug|Any CPU
		{BD67680A-4881-4483-9949-EDEF703DDEA0}.Debug|x64.ActiveCfg = Debug|Any CPU
		{BD67680A-4881-4483-9949-EDEF703DDEA0}.Debug|x64.Build.0 = Debug|Any CPU
		{BD67680A-4881-4483-9949-EDEF703DDEA0}.Debug|x86.ActiveCfg = Debug|Any CPU
		{BD67680A-4881-4483-9949-EDEF703DDEA0}.Debug|x86.Build.0 = Debug|Any CPU
		{BD67680A-4881-4483-9949-EDEF703DDEA0}.Release|Any CPU.ActiveCfg = Release|Any CPU
		{BD67680A-4881-4483-9949-EDEF703DDEA0}.Release|Any CPU.Build.0 = Release|Any CPU
		{BD67680A-4881-4483-9949-EDEF703DDEA0}.Release|x64.ActiveCfg = Release|Any CPU
		{BD67680A-4881-4483-9949-EDEF703DDEA0}.Release|x64.Build.0 = Release|Any CPU
		{BD67680A-4881-4483-9949-EDEF703DDEA0}.Release|x86.ActiveCfg = Release|Any CPU
		{BD67680A-4881-4483-9949-EDEF703DDEA0}.Release|x86.Build.0 = Release|Any CPU
		{9825F210-6CE1-48C7-A6AC-4907F2A72EA2}.Debug|Any CPU.ActiveCfg = Debug|Any CPU
		{9825F210-6CE1-48C7-A6AC-4907F2A72EA2}.Debug|Any CPU.Build.0 = Debug|Any CPU
		{9825F210-6CE1-48C7-A6AC-4907F2A72EA2}.Debug|x64.ActiveCfg = Debug|Any CPU
		{9825F210-6CE1-48C7-A6AC-4907F2A72EA2}.Debug|x64.Build.0 = Debug|Any CPU
		{9825F210-6CE1-48C7-A6AC-4907F2A72EA2}.Debug|x86.ActiveCfg = Debug|Any CPU
		{9825F210-6CE1-48C7-A6AC-4907F2A72EA2}.Debug|x86.Build.0 = Debug|Any CPU
		{9825F210-6CE1-48C7-A6AC-4907F2A72EA2}.Release|Any CPU.ActiveCfg = Release|Any CPU
		{9825F210-6CE1-48C7-A6AC-4907F2A72EA2}.Release|Any CPU.Build.0 = Release|Any CPU
		{9825F210-6CE1-48C7-A6AC-4907F2A72EA2}.Release|x64.ActiveCfg = Release|Any CPU
		{9825F210-6CE1-48C7-A6AC-4907F2A72EA2}.Release|x64.Build.0 = Release|Any CPU
		{9825F210-6CE1-48C7-A6AC-4907F2A72EA2}.Release|x86.ActiveCfg = Release|Any CPU
		{9825F210-6CE1-48C7-A6AC-4907F2A72EA2}.Release|x86.Build.0 = Release|Any CPU
	EndGlobalSection
	GlobalSection(SolutionProperties) = preSolution
		HideSolutionNode = FALSE
	EndGlobalSection
EndGlobal
